
Microsoft Visual Studio Solution File, Format Version 12.00
# Visual Studio 15
VisualStudioVersion = 15.0.28307.1209
MinimumVisualStudioVersion = 10.0.40219.1
Project("{FAE04EC0-301F-11D3-BF4B-00C04F79EFBC}") = "parcial1", "parcial1\parcial1.csproj", "{266ABB13-66D2-49A4-8C8B-7A333E50ED4F}"
EndProject
Global
	GlobalSection(SolutionConfigurationPlatforms) = preSolution
		Debug|Any CPU = Debug|Any CPU
		Release|Any CPU = Release|Any CPU
	EndGlobalSection
	GlobalSection(ProjectConfigurationPlatforms) = postSolution
		{266ABB13-66D2-49A4-8C8B-7A333E50ED4F}.Debug|Any CPU.ActiveCfg = Debug|Any CPU
		{266ABB13-66D2-49A4-8C8B-7A333E50ED4F}.Debug|Any CPU.Build.0 = Debug|Any CPU
		{266ABB13-66D2-49A4-8C8B-7A333E50ED4F}.Release|Any CPU.ActiveCfg = Release|Any CPU
		{266ABB13-66D2-49A4-8C8B-7A333E50ED4F}.Release|Any CPU.Build.0 = Release|Any CPU
	EndGlobalSection
	GlobalSection(SolutionProperties) = preSolution
		HideSolutionNode = FALSE
	EndGlobalSection
	GlobalSection(ExtensibilityGlobals) = postSolution
		SolutionGuid = {F72F7A3A-3536-4C01-81E8-99BF21CD18D0}
	EndGlobalSection
EndGlobal
